
Microsoft Visual Studio Solution File, Format Version 12.00
# Visual Studio Version 16
VisualStudioVersion = 16.0.30320.27
MinimumVisualStudioVersion = 10.0.40219.1
Project("{FAE04EC0-301F-11D3-BF4B-00C04F79EFBC}") = "Atomus.Control.MessageBox.WinMessageBox(dotNet)", "dotNet\Atomus.Control.MessageBox.WinMessageBox(dotNet).csproj", "{058CE850-769A-4996-A122-B65685071A07}"
EndProject
Global
	GlobalSection(SolutionConfigurationPlatforms) = preSolution
		Debug|Any CPU = Debug|Any CPU
		Release|Any CPU = Release|Any CPU
	EndGlobalSection
	GlobalSection(ProjectConfigurationPlatforms) = postSolution
		{058CE850-769A-4996-A122-B65685071A07}.Debug|Any CPU.ActiveCfg = Debug|Any CPU
		{058CE850-769A-4996-A122-B65685071A07}.Debug|Any CPU.Build.0 = Debug|Any CPU
		{058CE850-769A-4996-A122-B65685071A07}.Release|Any CPU.ActiveCfg = Release|Any CPU
		{058CE850-769A-4996-A122-B65685071A07}.Release|Any CPU.Build.0 = Release|Any CPU
	EndGlobalSection
	GlobalSection(SolutionProperties) = preSolution
		HideSolutionNode = FALSE
	EndGlobalSection
	GlobalSection(ExtensibilityGlobals) = postSolution
		SolutionGuid = {3774F52B-8047-4651-AA2C-D9BC19AFECEF}
	EndGlobalSection
EndGlobal
